{
    "_readme": [
        "This file locks the dependencies of your project to a known state",
        "Read more about it at http://getcomposer.org/doc/01-basic-usage.md#composer-lock-the-lock-file",
        "This file is @generated automatically"
    ],
    "hash": "7d72f0d880270d259514060907f020c4",
    "packages": [
        {
            "name": "gloudemans/shoppingcart",
            "version": "1.2.1",
            "source": {
                "type": "git",
                "url": "https://github.com/Crinsane/LaravelShoppingcart.git",
                "reference": "1f004b696ab7df255c19d0094b0c765fdb106e39"
            },
            "dist": {
                "type": "zip",
                "url": "https://api.github.com/repos/Crinsane/LaravelShoppingcart/zipball/1f004b696ab7df255c19d0094b0c765fdb106e39",
                "reference": "1f004b696ab7df255c19d0094b0c765fdb106e39",
                "shasum": ""
            },
            "require": {
                "illuminate/support": "~4",
                "php": ">=5.3.0"
            },
            "require-dev": {
                "mockery/mockery": "~0.9",
                "phpunit/phpunit": "~4.0"
            },
            "type": "library",
            "autoload": {
                "psr-0": {
                    "Gloudemans\\Shoppingcart": "src/"
                }
            },
            "notification-url": "https://packagist.org/downloads/",
            "license": [
                "MIT"
            ],
            "authors": [
                {
                    "name": "Rob Gloudemans",
                    "email": "Rob_Gloudemans@hotmail.com"
                }
            ],
            "description": "Laravel 4 Shoppingcart",
            "keywords": [
                "laravel",
                "shoppingcart"
            ],
            "time": "2014-12-06 14:15:56"
        },
        {
            "name": "illuminate/support",
            "version": "v4.2.17",
            "target-dir": "Illuminate/Support",
            "source": {
                "type": "git",
                "url": "https://github.com/illuminate/support.git",
                "reference": "db61f3f6d507ce417ca993e1f93585db7efd8b12"
            },
            "dist": {
                "type": "zip",
                "url": "https://api.github.com/repos/illuminate/support/zipball/db61f3f6d507ce417ca993e1f93585db7efd8b12",
                "reference": "db61f3f6d507ce417ca993e1f93585db7efd8b12",
                "shasum": ""
            },
            "require": {
                "php": ">=5.4.0"
            },
            "require-dev": {
                "jeremeamia/superclosure": "~1.0.1",
                "patchwork/utf8": "~1.1"
            },
            "type": "library",
            "extra": {
                "branch-alias": {
                    "dev-master": "4.2-dev"
                }
            },
            "autoload": {
                "psr-0": {
                    "Illuminate\\Support": ""
                },
                "files": [
                    "Illuminate/Support/helpers.php"
                ]
            },
            "notification-url": "https://packagist.org/downloads/",
            "license": [
                "MIT"
            ],
            "authors": [
                {
                    "name": "Taylor Otwell",
                    "email": "taylorotwell@gmail.com"
                }
            ],
            "time": "2015-01-27 20:51:43"
        }
    ],
    "packages-dev": [],
    "aliases": [],
    "minimum-stability": "stable",
    "stability-flags": [],
    "prefer-stable": false,
    "prefer-lowest": false,
    "platform": {
        "php": ">=5.4.0"
    },
    "platform-dev": []
}
